
Microsoft Visual Studio Solution File, Format Version 9.00
# Visual Studio 2005
Project("{8BC9CEB8-8B4A-11D0-8D11-00A0C91BC942}") = "TwRIBE32", "TwRIBE32\TwRIBE32.vcproj", "{4673A048-4408-4F18-9DFE-7693EE294144}"
EndProject
Global
	GlobalSection(SolutionConfigurationPlatforms) = preSolution
		Debug|Win32 = Debug|Win32
		Release|Win32 = Release|Win32
	EndGlobalSection
	GlobalSection(ProjectConfigurationPlatforms) = postSolution
		{4673A048-4408-4F18-9DFE-7693EE294144}.Debug|Win32.ActiveCfg = Debug|Win32
		{4673A048-4408-4F18-9DFE-7693EE294144}.Debug|Win32.Build.0 = Debug|Win32
		{4673A048-4408-4F18-9DFE-7693EE294144}.Release|Win32.ActiveCfg = Release|Win32
		{4673A048-4408-4F18-9DFE-7693EE294144}.Release|Win32.Build.0 = Release|Win32
	EndGlobalSection
	GlobalSection(SolutionProperties) = preSolution
		HideSolutionNode = FALSE
	EndGlobalSection
EndGlobal
